// !$*UTF8*$!
{
	archiveVersion = 1;
	classes = {
	};
	objectVersion = 46;
	objects = {

/* Begin PBXBuildFile section */
		5A8061911E76F87300DFB363 /* main.mm in Sources */ = {isa = PBXBuildFile; fileRef = 5A8061901E76F87300DFB363 /* main.mm */; };
		5A8061941E76F87300DFB363 /* AppDelegate.m in Sources */ = {isa = PBXBuildFile; fileRef = 5A8061931E76F87300DFB363 /* AppDelegate.m */; };
		5A8061971E76F87300DFB363 /* ViewController.m in Sources */ = {isa = PBXBuildFile; fileRef = 5A8061961E76F87300DFB363 /* ViewController.m */; };
		5A80619A1E76F87300DFB363 /* Main.storyboard in Resources */ = {isa = PBXBuildFile; fileRef = 5A8061981E76F87300DFB363 /* Main.storyboard */; };
		5A80619C1E76F87300DFB363 /* Assets.xcassets in Resources */ = {isa = PBXBuildFile; fileRef = 5A80619B1E76F87300DFB363 /* Assets.xcassets */; };
		5A80619F1E76F87300DFB363 /* LaunchScreen.storyboard in Resources */ = {isa = PBXBuildFile; fileRef = 5A80619D1E76F87300DFB363 /* LaunchScreen.storyboard */; };
		5A8061AB1E76F9AE00DFB363 /* libdjinni_objc.a in Frameworks */ = {isa = PBXBuildFile; fileRef = 5A8061A91E76F9AE00DFB363 /* libdjinni_objc.a */; };
		5A8061AC1E76F9AE00DFB363 /* libhelloworld_objc.a in Frameworks */ = {isa = PBXBuildFile; fileRef = 5A8061AA1E76F9AE00DFB363 /* libhelloworld_objc.a */; };
/* End PBXBuildFile section */

/* Begin PBXFileReference section */
		5A80618C1E76F87300DFB363 /* HelloWorld.app */ = {isa = PBXFileReference; explicitFileType = wrapper.application; includeInIndex = 0; path = HelloWorld.app; sourceTree = BUILT_PRODUCTS_DIR; };
		5A8061901E76F87300DFB363 /* main.mm */ = {isa = PBXFileReference; lastKnownFileType = sourcecode.cpp.objcpp; path = main.mm; sourceTree = "<group>"; };
		5A8061921E76F87300DFB363 /* AppDelegate.h */ = {isa = PBXFileReference; lastKnownFileType = sourcecode.c.h; path = AppDelegate.h; sourceTree = "<group>"; };
		5A8061931E76F87300DFB363 /* AppDelegate.m */ = {isa = PBXFileReference; lastKnownFileType = sourcecode.c.objc; path = AppDelegate.m; sourceTree = "<group>"; };
		5A8061951E76F87300DFB363 /* ViewController.h */ = {isa = PBXFileReference; lastKnownFileType = sourcecode.c.h; path = ViewController.h; sourceTree = "<group>"; };
		5A8061961E76F87300DFB363 /* ViewController.m */ = {isa = PBXFileReference; lastKnownFileType = sourcecode.c.objc; path = ViewController.m; sourceTree = "<group>"; };
		5A8061991E76F87300DFB363 /* Base */ = {isa = PBXFileReference; lastKnownFileType = file.storyboard; name = Base; path = Base.lproj/Main.storyboard; sourceTree = "<group>"; };
		5A80619B1E76F87300DFB363 /* Assets.xcassets */ = {isa = PBXFileReference; lastKnownFileType = folder.assetcatalog; path = Assets.xcassets; sourceTree = "<group>"; };
		5A80619E1E76F87300DFB363 /* Base */ = {isa = PBXFileReference; lastKnownFileType = file.storyboard; name = Base; path = Base.lproj/LaunchScreen.storyboard; sourceTree = "<group>"; };
		5A8061A01E76F87300DFB363 /* Info.plist */ = {isa = PBXFileReference; lastKnownFileType = text.plist.xml; path = Info.plist; sourceTree = "<group>"; };
		5A8061A91E76F9AE00DFB363 /* libdjinni_objc.a */ = {isa = PBXFileReference; lastKnownFileType = archive.ar; name = libdjinni_objc.a; path = "../../deps/djinni/support-lib/build/Debug-iphoneos/libdjinni_objc.a"; sourceTree = "<group>"; };
		5A8061AA1E76F9AE00DFB363 /* libhelloworld_objc.a */ = {isa = PBXFileReference; lastKnownFileType = archive.ar; name = libhelloworld_objc.a; path = "../../build/Debug-iphoneos/libhelloworld_objc.a"; sourceTree = "<group>"; };
/* End PBXFileReference section */

/* Begin PBXFrameworksBuildPhase section */
		5A8061891E76F87300DFB363 /* Frameworks */ = {
			isa = PBXFrameworksBuildPhase;
			buildActionMask = 2147483647;
			files = (
				5A8061AB1E76F9AE00DFB363 /* libdjinni_objc.a in Frameworks */,
				5A8061AC1E76F9AE00DFB363 /* libhelloworld_objc.a in Frameworks */,
			);
			runOnlyForDeploymentPostprocessing = 0;
		};
/* End PBXFrameworksBuildPhase section */

/* Begin PBXGroup section */
		5A8061831E76F87300DFB363 = {
			isa = PBXGroup;
			children = (
				5A80618E1E76F87300DFB363 /* HelloWorld */,
				5A80618D1E76F87300DFB363 /* Products */,
				5A8061A81E76F9AD00DFB363 /* Frameworks */,
			);
			sourceTree = "<group>";
		};
		5A80618D1E76F87300DFB363 /* Products */ = {
			isa = PBXGroup;
			children = (
				5A80618C1E76F87300DFB363 /* HelloWorld.app */,
			);
			name = Products;
			sourceTree = "<group>";
		};
		5A80618E1E76F87300DFB363 /* HelloWorld */ = {
			isa = PBXGroup;
			children = (
				5A8061921E76F87300DFB363 /* AppDelegate.h */,
				5A8061931E76F87300DFB363 /* AppDelegate.m */,
				5A8061951E76F87300DFB363 /* ViewController.h */,
				5A8061961E76F87300DFB363 /* ViewController.m */,
				5A8061981E76F87300DFB363 /* Main.storyboard */,
				5A80619B1E76F87300DFB363 /* Assets.xcassets */,
				5A80619D1E76F87300DFB363 /* LaunchScreen.storyboard */,
				5A8061A01E76F87300DFB363 /* Info.plist */,
				5A80618F1E76F87300DFB363 /* Supporting Files */,
			);
			path = HelloWorld;
			sourceTree = "<group>";
		};
		5A80618F1E76F87300DFB363 /* Supporting Files */ = {
			isa = PBXGroup;
			children = (
				5A8061901E76F87300DFB363 /* main.mm */,
			);
			name = "Supporting Files";
			sourceTree = "<group>";
		};
		5A8061A81E76F9AD00DFB363 /* Frameworks */ = {
			isa = PBXGroup;
			children = (
				5A8061A91E76F9AE00DFB363 /* libdjinni_objc.a */,
				5A8061AA1E76F9AE00DFB363 /* libhelloworld_objc.a */,
			);
			name = Frameworks;
			sourceTree = "<group>";
		};
/* End PBXGroup section */

/* Begin PBXNativeTarget section */
		5A80618B1E76F87300DFB363 /* HelloWorld */ = {
			isa = PBXNativeTarget;
			buildConfigurationList = 5A8061A31E76F87300DFB363 /* Build configuration list for PBXNativeTarget "HelloWorld" */;
			buildPhases = (
				5A8061881E76F87300DFB363 /* Sources */,
				5A8061891E76F87300DFB363 /* Frameworks */,
				5A80618A1E76F87300DFB363 /* Resources */,
			);
			buildRules = (
			);
			dependencies = (
			);
			name = HelloWorld;
			productName = HelloWorld;
			productReference = 5A80618C1E76F87300DFB363 /* HelloWorld.app */;
			productType = "com.apple.product-type.application";
		};
/* End PBXNativeTarget section */

/* Begin PBXProject section */
		5A8061841E76F87300DFB363 /* Project object */ = {
			isa = PBXProject;
			attributes = {
				LastUpgradeCheck = 0820;
				ORGANIZATIONNAME = "DEBIT Mathieu";
				TargetAttributes = {
					5A80618B1E76F87300DFB363 = {
						CreatedOnToolsVersion = 8.2.1;
						DevelopmentTeam = 445FKZ5HC5;
						ProvisioningStyle = Automatic;
					};
				};
			};
			buildConfigurationList = 5A8061871E76F87300DFB363 /* Build configuration list for PBXProject "HelloWorld" */;
			compatibilityVersion = "Xcode 3.2";
			developmentRegion = English;
			hasScannedForEncodings = 0;
			knownRegions = (
				en,
				Base,
			);
			mainGroup = 5A8061831E76F87300DFB363;
			productRefGroup = 5A80618D1E76F87300DFB363 /* Products */;
			projectDirPath = "";
			projectRoot = "";
			targets = (
				5A80618B1E76F87300DFB363 /* HelloWorld */,
			);
		};
/* End PBXProject section */

/* Begin PBXResourcesBuildPhase section */
		5A80618A1E76F87300DFB363 /* Resources */ = {
			isa = PBXResourcesBuildPhase;
			buildActionMask = 2147483647;
			files = (
				5A80619F1E76F87300DFB363 /* LaunchScreen.storyboard in Resources */,
				5A80619C1E76F87300DFB363 /* Assets.xcassets in Resources */,
				5A80619A1E76F87300DFB363 /* Main.storyboard in Resources */,
			);
			runOnlyForDeploymentPostprocessing = 0;
		};
/* End PBXResourcesBuildPhase section */

/* Begin PBXSourcesBuildPhase section */
		5A8061881E76F87300DFB363 /* Sources */ = {
			isa = PBXSourcesBuildPhase;
			buildActionMask = 2147483647;
			files = (
				5A8061971E76F87300DFB363 /* ViewController.m in Sources */,
				5A8061941E76F87300DFB363 /* AppDelegate.m in Sources */,
				5A8061911E76F87300DFB363 /* main.mm in Sources */,
			);
			runOnlyForDeploymentPostprocessing = 0;
		};
/* End PBXSourcesBuildPhase section */

/* Begin PBXVariantGroup section */
		5A8061981E76F87300DFB363 /* Main.storyboard */ = {
			isa = PBXVariantGroup;
			children = (
				5A8061991E76F87300DFB363 /* Base */,
			);
			name = Main.storyboard;
			sourceTree = "<group>";
		};
		5A80619D1E76F87300DFB363 /* LaunchScreen.storyboard */ = {
			isa = PBXVariantGroup;
			children = (
				5A80619E1E76F87300DFB363 /* Base */,
			);
			name = LaunchScreen.storyboard;
			sourceTree = "<group>";
		};
/* End PBXVariantGroup section */

/* Begin XCBuildConfiguration section */
		5A8061A11E76F87300DFB363 /* Debug */ = {
			isa = XCBuildConfiguration;
			buildSettings = {
				ALWAYS_SEARCH_USER_PATHS = NO;
				CLANG_ANALYZER_NONNULL = YES;
				CLANG_CXX_LANGUAGE_STANDARD = "gnu++0x";
				CLANG_CXX_LIBRARY = "libc++";
				CLANG_ENABLE_MODULES = YES;
				CLANG_ENABLE_OBJC_ARC = YES;
				CLANG_WARN_BOOL_CONVERSION = YES;
				CLANG_WARN_CONSTANT_CONVERSION = YES;
				CLANG_WARN_DIRECT_OBJC_ISA_USAGE = YES_ERROR;
				CLANG_WARN_DOCUMENTATION_COMMENTS = YES;
				CLANG_WARN_EMPTY_BODY = YES;
				CLANG_WARN_ENUM_CONVERSION = YES;
				CLANG_WARN_INFINITE_RECURSION = YES;
				CLANG_WARN_INT_CONVERSION = YES;
				CLANG_WARN_OBJC_ROOT_CLASS = YES_ERROR;
				CLANG_WARN_SUSPICIOUS_MOVE = YES;
				CLANG_WARN_UNREACHABLE_CODE = YES;
				CLANG_WARN__DUPLICATE_METHOD_MATCH = YES;
				"CODE_SIGN_IDENTITY[sdk=iphoneos*]" = "iPhone Developer";
				COPY_PHASE_STRIP = NO;
				DEBUG_INFORMATION_FORMAT = dwarf;
				ENABLE_STRICT_OBJC_MSGSEND = YES;
				ENABLE_TESTABILITY = YES;
				GCC_C_LANGUAGE_STANDARD = gnu99;
				GCC_DYNAMIC_NO_PIC = NO;
				GCC_NO_COMMON_BLOCKS = YES;
				GCC_OPTIMIZATION_LEVEL = 0;
				GCC_PREPROCESSOR_DEFINITIONS = (
					"DEBUG=1",
					"$(inherited)",
				);
				GCC_WARN_64_TO_32_BIT_CONVERSION = YES;
				GCC_WARN_ABOUT_RETURN_TYPE = YES_ERROR;
				GCC_WARN_UNDECLARED_SELECTOR = YES;
				GCC_WARN_UNINITIALIZED_AUTOS = YES_AGGRESSIVE;
				GCC_WARN_UNUSED_FUNCTION = YES;
				GCC_WARN_UNUSED_VARIABLE = YES;
				IPHONEOS_DEPLOYMENT_TARGET = 10.2;
				MTL_ENABLE_DEBUG_INFO = YES;
				ONLY_ACTIVE_ARCH = YES;
				SDKROOT = iphoneos;
			};
			name = Debug;
		};
		5A8061A21E76F87300DFB363 /* Release */ = {
			isa = XCBuildConfiguration;
			buildSettings = {
				ALWAYS_SEARCH_USER_PATHS = NO;
				CLANG_ANALYZER_NONNULL = YES;
				CLANG_CXX_LANGUAGE_STANDARD = "gnu++0x";
				CLANG_CXX_LIBRARY = "libc++";
				CLANG_ENABLE_MODULES = YES;
				CLANG_ENABLE_OBJC_ARC = YES;
				CLANG_WARN_BOOL_CONVERSION = YES;
				CLANG_WARN_CONSTANT_CONVERSION = YES;
				CLANG_WARN_DIRECT_OBJC_ISA_USAGE = YES_ERROR;
				CLANG_WARN_DOCUMENTATION_COMMENTS = YES;
				CLANG_WARN_EMPTY_BODY = YES;
				CLANG_WARN_ENUM_CONVERSION = YES;
				CLANG_WARN_INFINITE_RECURSION = YES;
				CLANG_WARN_INT_CONVERSION = YES;
				CLANG_WARN_OBJC_ROOT_CLASS = YES_ERROR;
				CLANG_WARN_SUSPICIOUS_MOVE = YES;
				CLANG_WARN_UNREACHABLE_CODE = YES;
				CLANG_WARN__DUPLICATE_METHOD_MATCH = YES;
				"CODE_SIGN_IDENTITY[sdk=iphoneos*]" = "iPhone Developer";
				COPY_PHASE_STRIP = NO;
				DEBUG_INFORMATION_FORMAT = "dwarf-with-dsym";
				ENABLE_NS_ASSERTIONS = NO;
				ENABLE_STRICT_OBJC_MSGSEND = YES;
				GCC_C_LANGUAGE_STANDARD = gnu99;
				GCC_NO_COMMON_BLOCKS = YES;
				GCC_WARN_64_TO_32_BIT_CONVERSION = YES;
				GCC_WARN_ABOUT_RETURN_TYPE = YES_ERROR;
				GCC_WARN_UNDECLARED_SELECTOR = YES;
				GCC_WARN_UNINITIALIZED_AUTOS = YES_AGGRESSIVE;
				GCC_WARN_UNUSED_FUNCTION = YES;
				GCC_WARN_UNUSED_VARIABLE = YES;
				IPHONEOS_DEPLOYMENT_TARGET = 10.2;
				MTL_ENABLE_DEBUG_INFO = NO;
				SDKROOT = iphoneos;
				VALIDATE_PRODUCT = YES;
			};
			name = Release;
		};
		5A8061A41E76F87300DFB363 /* Debug */ = {
			isa = XCBuildConfiguration;
			buildSettings = {
				ASSETCATALOG_COMPILER_APPICON_NAME = AppIcon;
				DEVELOPMENT_TEAM = 445FKZ5HC5;
				HEADER_SEARCH_PATHS = (
					"$(SRCROOT)/../../generated-src/objc",
					"$(SRCROOT)/../../deps/djinni/support-lib/objc",
				);
				INFOPLIST_FILE = HelloWorld/Info.plist;
				LD_RUNPATH_SEARCH_PATHS = "$(inherited) @executable_path/Frameworks";
				PRODUCT_BUNDLE_IDENTIFIER = mathieudebit.HelloWorld;
				PRODUCT_NAME = "$(TARGET_NAME)";
			};
			name = Debug;
		};
		5A8061A51E76F87300DFB363 /* Release */ = {
			isa = XCBuildConfiguration;
			buildSettings = {
				ASSETCATALOG_COMPILER_APPICON_NAME = AppIcon;
				DEVELOPMENT_TEAM = 445FKZ5HC5;
				HEADER_SEARCH_PATHS = (
					"$(SRCROOT)/../../generated-src/objc",
					"$(SRCROOT)/../../deps/djinni/support-lib/objc",
				);
				INFOPLIST_FILE = HelloWorld/Info.plist;
				LD_RUNPATH_SEARCH_PATHS = "$(inherited) @executable_path/Frameworks";
				PRODUCT_BUNDLE_IDENTIFIER = mathieudebit.HelloWorld;
				PRODUCT_NAME = "$(TARGET_NAME)";
			};
			name = Release;
		};
/* End XCBuildConfiguration section */

/* Begin XCConfigurationList section */
		5A8061871E76F87300DFB363 /* Build configuration list for PBXProject "HelloWorld" */ = {
			isa = XCConfigurationList;
			buildConfigurations = (
				5A8061A11E76F87300DFB363 /* Debug */,
				5A8061A21E76F87300DFB363 /* Release */,
			);
			defaultConfigurationIsVisible = 0;
			defaultConfigurationName = Release;
		};
		5A8061A31E76F87300DFB363 /* Build configuration list for PBXNativeTarget "HelloWorld" */ = {
			isa = XCConfigurationList;
			buildConfigurations = (
				5A8061A41E76F87300DFB363 /* Debug */,
				5A8061A51E76F87300DFB363 /* Release */,
			);
			defaultConfigurationIsVisible = 0;
		};
/* End XCConfigurationList section */
	};
	rootObject = 5A8061841E76F87300DFB363 /* Project object */;
}
